
Microsoft Visual Studio Solution File, Format Version 12.00
# Visual Studio Version 17
VisualStudioVersion = 17.14.36127.28
MinimumVisualStudioVersion = 10.0.40219.1
Project("{FAE04EC0-301F-11D3-BF4B-00C04F79EFBC}") = "DAL", "DAL\DAL.csproj", "{0596D49F-145B-4433-BA78-27D9CC231D49}"
EndProject
Project("{FAE04EC0-301F-11D3-BF4B-00C04F79EFBC}") = "AppUI", "AppUI\AppUI.csproj", "{857360C0-797B-46ED-8222-AF3C3F2ACF27}"
EndProject
Global
	GlobalSection(SolutionConfigurationPlatforms) = preSolution
		Debug|Any CPU = Debug|Any CPU
		Release|Any CPU = Release|Any CPU
	EndGlobalSection
	GlobalSection(ProjectConfigurationPlatforms) = postSolution
		{0596D49F-145B-4433-BA78-27D9CC231D49}.Debug|Any CPU.ActiveCfg = Debug|Any CPU
		{0596D49F-145B-4433-BA78-27D9CC231D49}.Debug|Any CPU.Build.0 = Debug|Any CPU
		{0596D49F-145B-4433-BA78-27D9CC231D49}.Release|Any CPU.ActiveCfg = Release|Any CPU
		{0596D49F-145B-4433-BA78-27D9CC231D49}.Release|Any CPU.Build.0 = Release|Any CPU
		{857360C0-797B-46ED-8222-AF3C3F2ACF27}.Debug|Any CPU.ActiveCfg = Debug|Any CPU
		{857360C0-797B-46ED-8222-AF3C3F2ACF27}.Debug|Any CPU.Build.0 = Debug|Any CPU
		{857360C0-797B-46ED-8222-AF3C3F2ACF27}.Release|Any CPU.ActiveCfg = Release|Any CPU
		{857360C0-797B-46ED-8222-AF3C3F2ACF27}.Release|Any CPU.Build.0 = Release|Any CPU
	EndGlobalSection
	GlobalSection(SolutionProperties) = preSolution
		HideSolutionNode = FALSE
	EndGlobalSection
	GlobalSection(ExtensibilityGlobals) = postSolution
		SolutionGuid = {0E9119E5-F5CB-4DB6-A5AF-BF8CAE1BD84E}
	EndGlobalSection
EndGlobal
