
Microsoft Visual Studio Solution File, Format Version 12.00
# Visual Studio Version 17
VisualStudioVersion = 17.14.36127.28 d17.14
MinimumVisualStudioVersion = 10.0.40219.1
Project("{FAE04EC0-301F-11D3-BF4B-00C04F79EFBC}") = "casestudy-List", "casestudy-List\casestudy-List.csproj", "{AD87B30F-DE76-4C1B-B0E0-D4B0AE6ED9EE}"
EndProject
Global
	GlobalSection(SolutionConfigurationPlatforms) = preSolution
		Debug|Any CPU = Debug|Any CPU
		Release|Any CPU = Release|Any CPU
	EndGlobalSection
	GlobalSection(ProjectConfigurationPlatforms) = postSolution
		{AD87B30F-DE76-4C1B-B0E0-D4B0AE6ED9EE}.Debug|Any CPU.ActiveCfg = Debug|Any CPU
		{AD87B30F-DE76-4C1B-B0E0-D4B0AE6ED9EE}.Debug|Any CPU.Build.0 = Debug|Any CPU
		{AD87B30F-DE76-4C1B-B0E0-D4B0AE6ED9EE}.Release|Any CPU.ActiveCfg = Release|Any CPU
		{AD87B30F-DE76-4C1B-B0E0-D4B0AE6ED9EE}.Release|Any CPU.Build.0 = Release|Any CPU
	EndGlobalSection
	GlobalSection(SolutionProperties) = preSolution
		HideSolutionNode = FALSE
	EndGlobalSection
	GlobalSection(ExtensibilityGlobals) = postSolution
		SolutionGuid = {55591653-0A41-4A2C-85F2-2D0979A5D80D}
	EndGlobalSection
EndGlobal
